github.com/ebitengine/purego v0.11.0-alpha.6 h1:xZ7KkRHWH0O/DskwUkFfd6Y4X9vtth85b4iEmNDeIME=
github.com/ebitengine/purego v0.11.0-alpha.6/go.mod h1:DCHPP08djqhNSoTfImcnHYQRZmd0qhakvrozqaEYhGQ=
github.com/google/go-cmp v0.7.0 h1:wk8382ETsv4JYUZwIsn6YpYiWiBsYLSJiTsyBybVuN8=
github.com/google/go-cmp v0.7.0/go.mod h1:pXiqmnSA92OHEEa9HXL2W4E7lf9JzCmGVUdgjX3N/iU=
github.com/tmc/mlx-go v0.0.0-20260713024224-83b05b982d66 h1:hYXRHFxEGSjEmUHpEnbWY+QWjifsnPp1eG4BBSG/hIg=
github.com/tmc/mlx-go v0.0.0-20260713024224-83b05b982d66/go.mod h1:zyIOT9sCSlYaxkS7AsUMgsXz9GgbMiLDWSI9RB50wXc=
github.com/tmc/mlx-go-lm v0.0.0-20260710223811-2b884ee8b937 h1:EwALuqiuvC61Z8z7QB+zKtbG2oisU44vG/n3ldBx03s=
github.com/tmc/mlx-go-lm v0.0.0-20260710223811-2b884ee8b937/go.mod h1:sL0X9h2B01rg/2ohniRVspxzcioBzApHl1lyqrkeO2o=
github.com/tmc/mlx-go/examples/mlx-go-distill v0.0.0-20260713024124-701e2acc2786 h1:DmqA7XfHr/uFoyPBylmVTg1FlxDazog7ZXbbKgtrKZE=
github.com/tmc/mlx-go/examples/mlx-go-distill v0.0.0-20260713024124-701e2acc2786/go.mod h1:Jo0I5iWDFtOOlB/WGtxTpAdCwqlzna6cNip6raagSII=
github.com/tmc/mlx-go/examples/mlx-go-rl v0.0.0-20260713024224-83b05b982d66 h1:Lmd3wbEKj3nna62QKxHqMo/MBNsocY3EiTbOR/HhYis=
github.com/tmc/mlx-go/examples/mlx-go-rl v0.0.0-20260713024224-83b05b982d66/go.mod h1:MGuw9r4XXjlGsMQcumOrzSGH7SSmZi8Fv0dlAUaJAYM=
github.com/tmc/modelir v0.1.2-0.20260517090425-24c01509645e h1:YNhOIrH4NoERHiq2Vc+9PCP7HGXt4QM8z0SaiIsOAcg=
github.com/tmc/modelir v0.1.2-0.20260517090425-24c01509645e/go.mod h1:vqTK5bCw/e1vPpNLAaOMVdAfVCUCc0vDNJKAK/qFG2k=
golang.org/x/image v0.39.0 h1:skVYidAEVKgn8lZ602XO75asgXBgLj9G/FE3RbuPFww=
golang.org/x/image v0.39.0/go.mod h1:sIbmppfU+xFLPIG0FoVUTvyBMmgng1/XAMhQ2ft0hpA=
rsc.io/omap v1.2.0 h1:c1M8jchnHbzmJALzGLclfH3xDWXrPxSUHXzH5C+8Kdw=
rsc.io/omap v1.2.0/go.mod h1:C8pkI0AWexHopQtZX+qiUeJGzvc8HkdgnsWK4/mAa00=
